PODS:
  - Alamofire (4.9.1)
  - IQKeyboardManager (6.5.5)
  - NVActivityIndicatorView (4.8.0):
    - NVActivityIndicatorView/Presenter (= 4.8.0)
  - NVActivityIndicatorView/Presenter (4.8.0)

DEPENDENCIES:
  - Alamofire
  - IQKeyboardManager
  - NVActivityIndicatorView

SPEC REPOS:
  trunk:
    - Alamofire
    - IQKeyboardManager
    - NVActivityIndicatorView

SPEC CHECKSUMS:
  Alamofire: 85e8a02c69d6020a0d734f6054870d7ecb75cf18
  IQKeyboardManager: 3a8b9e603f8b0eeaf5f096a1f2b2cfcf121992ef
  NVActivityIndicatorView: d24b7ebcf80af5dcd994adb650e2b6c93379270f

PODFILE CHECKSUM: 95e7df24f70bd12ddf1b25a782c98044d5466be5

COCOAPODS: 1.9.3
